// !$*UTF8*$!
{
	archiveVersion = 1;
	classes = {
	};
	objectVersion = 52;
	objects = {

/* Begin PBXBuildFile section */
		247C5C15261DAEE1004AEF91 /* AppDelegate.swift in Sources */ = {isa = PBXBuildFile; fileRef = 247C5C14261DAEE1004AEF91 /* AppDelegate.swift */; };
		247C5C17261DAEE1004AEF91 /* SceneDelegate.swift in Sources */ = {isa = PBXBuildFile; fileRef = 247C5C16261DAEE1004AEF91 /* SceneDelegate.swift */; };
		247C5C19261DAEE1004AEF91 /* ViewController.swift in Sources */ = {isa = PBXBuildFile; fileRef = 247C5C18261DAEE1004AEF91 /* ViewController.swift */; };
		247C5C1C261DAEE1004AEF91 /* Main.storyboard in Resources */ = {isa = PBXBuildFile; fileRef = 247C5C1A261DAEE1004AEF91 /* Main.storyboard */; };
		247C5C1F261DAEE1004AEF91 /* CoreDataProject.xcdatamodeld in Sources */ = {isa = PBXBuildFile; fileRef = 247C5C1D261DAEE1004AEF91 /* CoreDataProject.xcdatamodeld */; };
		247C5C21261DAEE2004AEF91 /* Assets.xcassets in Resources */ = {isa = PBXBuildFile; fileRef = 247C5C20261DAEE2004AEF91 /* Assets.xcassets */; };
		247C5C24261DAEE2004AEF91 /* LaunchScreen.storyboard in Resources */ = {isa = PBXBuildFile; fileRef = 247C5C22261DAEE2004AEF91 /* LaunchScreen.storyboard */; };
		247C5C39261DCDB4004AEF91 /* SnapKit in Frameworks */ = {isa = PBXBuildFile; productRef = 247C5C38261DCDB4004AEF91 /* SnapKit */; };
		247C5C3D261DD450004AEF91 /* ToDoListItem+CoreDataClass.swift in Sources */ = {isa = PBXBuildFile; fileRef = 247C5C3B261DD450004AEF91 /* ToDoListItem+CoreDataClass.swift */; };
		247C5C3E261DD450004AEF91 /* ToDoListItem+CoreDataProperties.swift in Sources */ = {isa = PBXBuildFile; fileRef = 247C5C3C261DD450004AEF91 /* ToDoListItem+CoreDataProperties.swift */; };
/* End PBXBuildFile section */

/* Begin PBXFileReference section */
		247C5C11261DAEE1004AEF91 /* CoreDataProject.app */ = {isa = PBXFileReference; explicitFileType = wrapper.application; includeInIndex = 0; path = CoreDataProject.app; sourceTree = BUILT_PRODUCTS_DIR; };
		247C5C14261DAEE1004AEF91 /* AppDelegate.swift */ = {isa = PBXFileReference; lastKnownFileType = sourcecode.swift; path = AppDelegate.swift; sourceTree = "<group>"; };
		247C5C16261DAEE1004AEF91 /* SceneDelegate.swift */ = {isa = PBXFileReference; lastKnownFileType = sourcecode.swift; path = SceneDelegate.swift; sourceTree = "<group>"; };
		247C5C18261DAEE1004AEF91 /* ViewController.swift */ = {isa = PBXFileReference; lastKnownFileType = sourcecode.swift; path = ViewController.swift; sourceTree = "<group>"; };
		247C5C1B261DAEE1004AEF91 /* Base */ = {isa = PBXFileReference; lastKnownFileType = file.storyboard; name = Base; path = Base.lproj/Main.storyboard; sourceTree = "<group>"; };
		247C5C1E261DAEE1004AEF91 /* CoreDataProject.xcdatamodel */ = {isa = PBXFileReference; lastKnownFileType = wrapper.xcdatamodel; path = CoreDataProject.xcdatamodel; sourceTree = "<group>"; };
		247C5C20261DAEE2004AEF91 /* Assets.xcassets */ = {isa = PBXFileReference; lastKnownFileType = folder.assetcatalog; path = Assets.xcassets; sourceTree = "<group>"; };
		247C5C23261DAEE2004AEF91 /* Base */ = {isa = PBXFileReference; lastKnownFileType = file.storyboard; name = Base; path = Base.lproj/LaunchScreen.storyboard; sourceTree = "<group>"; };
		247C5C25261DAEE2004AEF91 /* Info.plist */ = {isa = PBXFileReference; lastKnownFileType = text.plist.xml; path = Info.plist; sourceTree = "<group>"; };
		247C5C3B261DD450004AEF91 /* ToDoListItem+CoreDataClass.swift */ = {isa = PBXFileReference; lastKnownFileType = sourcecode.swift; path = "ToDoListItem+CoreDataClass.swift"; sourceTree = "<group>"; };
		247C5C3C261DD450004AEF91 /* ToDoListItem+CoreDataProperties.swift */ = {isa = PBXFileReference; lastKnownFileType = sourcecode.swift; path = "ToDoListItem+CoreDataProperties.swift"; sourceTree = "<group>"; };
/* End PBXFileReference section */

/* Begin PBXFrameworksBuildPhase section */
		247C5C0E261DAEE1004AEF91 /* Frameworks */ = {
			isa = PBXFrameworksBuildPhase;
			buildActionMask = 2147483647;
			files = (
				247C5C39261DCDB4004AEF91 /* SnapKit in Frameworks */,
			);
			runOnlyForDeploymentPostprocessing = 0;
		};
/* End PBXFrameworksBuildPhase section */

/* Begin PBXGroup section */
		247C5C08261DAEE1004AEF91 = {
			isa = PBXGroup;
			children = (
				247C5C13261DAEE1004AEF91 /* CoreDataProject */,
				247C5C12261DAEE1004AEF91 /* Products */,
			);
			sourceTree = "<group>";
		};
		247C5C12261DAEE1004AEF91 /* Products */ = {
			isa = PBXGroup;
			children = (
				247C5C11261DAEE1004AEF91 /* CoreDataProject.app */,
			);
			name = Products;
			sourceTree = "<group>";
		};
		247C5C13261DAEE1004AEF91 /* CoreDataProject */ = {
			isa = PBXGroup;
			children = (
				247C5C32261DB07D004AEF91 /* ToDoListItem */,
				247C5C14261DAEE1004AEF91 /* AppDelegate.swift */,
				247C5C16261DAEE1004AEF91 /* SceneDelegate.swift */,
				247C5C18261DAEE1004AEF91 /* ViewController.swift */,
				247C5C1A261DAEE1004AEF91 /* Main.storyboard */,
				247C5C20261DAEE2004AEF91 /* Assets.xcassets */,
				247C5C22261DAEE2004AEF91 /* LaunchScreen.storyboard */,
				247C5C25261DAEE2004AEF91 /* Info.plist */,
				247C5C1D261DAEE1004AEF91 /* CoreDataProject.xcdatamodeld */,
			);
			path = CoreDataProject;
			sourceTree = "<group>";
		};
		247C5C32261DB07D004AEF91 /* ToDoListItem */ = {
			isa = PBXGroup;
			children = (
				247C5C3B261DD450004AEF91 /* ToDoListItem+CoreDataClass.swift */,
				247C5C3C261DD450004AEF91 /* ToDoListItem+CoreDataProperties.swift */,
			);
			path = ToDoListItem;
			sourceTree = "<group>";
		};
/* End PBXGroup section */

/* Begin PBXNativeTarget section */
		247C5C10261DAEE1004AEF91 /* CoreDataProject */ = {
			isa = PBXNativeTarget;
			buildConfigurationList = 247C5C28261DAEE2004AEF91 /* Build configuration list for PBXNativeTarget "CoreDataProject" */;
			buildPhases = (
				247C5C0D261DAEE1004AEF91 /* Sources */,
				247C5C0E261DAEE1004AEF91 /* Frameworks */,
				247C5C0F261DAEE1004AEF91 /* Resources */,
			);
			buildRules = (
			);
			dependencies = (
			);
			name = CoreDataProject;
			packageProductDependencies = (
				247C5C38261DCDB4004AEF91 /* SnapKit */,
			);
			productName = CoreDataProject;
			productReference = 247C5C11261DAEE1004AEF91 /* CoreDataProject.app */;
			productType = "com.apple.product-type.application";
		};
/* End PBXNativeTarget section */

/* Begin PBXProject section */
		247C5C09261DAEE1004AEF91 /* Project object */ = {
			isa = PBXProject;
			attributes = {
				LastSwiftUpdateCheck = 1240;
				LastUpgradeCheck = 1240;
				TargetAttributes = {
					247C5C10261DAEE1004AEF91 = {
						CreatedOnToolsVersion = 12.4;
					};
				};
			};
			buildConfigurationList = 247C5C0C261DAEE1004AEF91 /* Build configuration list for PBXProject "CoreDataProject" */;
			compatibilityVersion = "Xcode 9.3";
			developmentRegion = en;
			hasScannedForEncodings = 0;
			knownRegions = (
				en,
				Base,
			);
			mainGroup = 247C5C08261DAEE1004AEF91;
			packageReferences = (
				247C5C37261DCDB4004AEF91 /* XCRemoteSwiftPackageReference "SnapKit" */,
			);
			productRefGroup = 247C5C12261DAEE1004AEF91 /* Products */;
			projectDirPath = "";
			projectRoot = "";
			targets = (
				247C5C10261DAEE1004AEF91 /* CoreDataProject */,
			);
		};
/* End PBXProject section */

/* Begin PBXResourcesBuildPhase section */
		247C5C0F261DAEE1004AEF91 /* Resources */ = {
			isa = PBXResourcesBuildPhase;
			buildActionMask = 2147483647;
			files = (
				247C5C24261DAEE2004AEF91 /* LaunchScreen.storyboard in Resources */,
				247C5C21261DAEE2004AEF91 /* Assets.xcassets in Resources */,
				247C5C1C261DAEE1004AEF91 /* Main.storyboard in Resources */,
			);
			runOnlyForDeploymentPostprocessing = 0;
		};
/* End PBXResourcesBuildPhase section */

/* Begin PBXSourcesBuildPhase section */
		247C5C0D261DAEE1004AEF91 /* Sources */ = {
			isa = PBXSourcesBuildPhase;
			buildActionMask = 2147483647;
			files = (
				247C5C3D261DD450004AEF91 /* ToDoListItem+CoreDataClass.swift in Sources */,
				247C5C19261DAEE1004AEF91 /* ViewController.swift in Sources */,
				247C5C15261DAEE1004AEF91 /* AppDelegate.swift in Sources */,
				247C5C1F261DAEE1004AEF91 /* CoreDataProject.xcdatamodeld in Sources */,
				247C5C3E261DD450004AEF91 /* ToDoListItem+CoreDataProperties.swift in Sources */,
				247C5C17261DAEE1004AEF91 /* SceneDelegate.swift in Sources */,
			);
			runOnlyForDeploymentPostprocessing = 0;
		};
/* End PBXSourcesBuildPhase section */

/* Begin PBXVariantGroup section */
		247C5C1A261DAEE1004AEF91 /* Main.storyboard */ = {
			isa = PBXVariantGroup;
			children = (
				247C5C1B261DAEE1004AEF91 /* Base */,
			);
			name = Main.storyboard;
			sourceTree = "<group>";
		};
		247C5C22261DAEE2004AEF91 /* LaunchScreen.storyboard */ = {
			isa = PBXVariantGroup;
			children = (
				247C5C23261DAEE2004AEF91 /* Base */,
			);
			name = LaunchScreen.storyboard;
			sourceTree = "<group>";
		};
/* End PBXVariantGroup section */

/* Begin XCBuildConfiguration section */
		247C5C26261DAEE2004AEF91 /* Debug */ = {
			isa = XCBuildConfiguration;
			buildSettings = {
				ALWAYS_SEARCH_USER_PATHS = NO;
				CLANG_ANALYZER_NONNULL = YES;
				CLANG_ANALYZER_NUMBER_OBJECT_CONVERSION = YES_AGGRESSIVE;
				CLANG_CXX_LANGUAGE_STANDARD = "gnu++14";
				CLANG_CXX_LIBRARY = "libc++";
				CLANG_ENABLE_MODULES = YES;
				CLANG_ENABLE_OBJC_ARC = YES;
				CLANG_ENABLE_OBJC_WEAK = YES;
				CLANG_WARN_BLOCK_CAPTURE_AUTORELEASING = YES;
				CLANG_WARN_BOOL_CONVERSION = YES;
				CLANG_WARN_COMMA = YES;
				CLANG_WARN_CONSTANT_CONVERSION = YES;
				CLANG_WARN_DEPRECATED_OBJC_IMPLEMENTATIONS = YES;
				CLANG_WARN_DIRECT_OBJC_ISA_USAGE = YES_ERROR;
				CLANG_WARN_DOCUMENTATION_COMMENTS = YES;
				CLANG_WARN_EMPTY_BODY = YES;
				CLANG_WARN_ENUM_CONVERSION = YES;
				CLANG_WARN_INFINITE_RECURSION = YES;
				CLANG_WARN_INT_CONVERSION = YES;
				CLANG_WARN_NON_LITERAL_NULL_CONVERSION = YES;
				CLANG_WARN_OBJC_IMPLICIT_RETAIN_SELF = YES;
				CLANG_WARN_OBJC_LITERAL_CONVERSION = YES;
				CLANG_WARN_OBJC_ROOT_CLASS = YES_ERROR;
				CLANG_WARN_QUOTED_INCLUDE_IN_FRAMEWORK_HEADER = YES;
				CLANG_WARN_RANGE_LOOP_ANALYSIS = YES;
				CLANG_WARN_STRICT_PROTOTYPES = YES;
				CLANG_WARN_SUSPICIOUS_MOVE = YES;
				CLANG_WARN_UNGUARDED_AVAILABILITY = YES_AGGRESSIVE;
				CLANG_WARN_UNREACHABLE_CODE = YES;
				CLANG_WARN__DUPLICATE_METHOD_MATCH = YES;
				COPY_PHASE_STRIP = NO;
				DEBUG_INFORMATION_FORMAT = dwarf;
				ENABLE_STRICT_OBJC_MSGSEND = YES;
				ENABLE_TESTABILITY = YES;
				GCC_C_LANGUAGE_STANDARD = gnu11;
				GCC_DYNAMIC_NO_PIC = NO;
				GCC_NO_COMMON_BLOCKS = YES;
				GCC_OPTIMIZATION_LEVEL = 0;
				GCC_PREPROCESSOR_DEFINITIONS = (
					"DEBUG=1",
					"$(inherited)",
				);
				GCC_WARN_64_TO_32_BIT_CONVERSION = YES;
				GCC_WARN_ABOUT_RETURN_TYPE = YES_ERROR;
				GCC_WARN_UNDECLARED_SELECTOR = YES;
				GCC_WARN_UNINITIALIZED_AUTOS = YES_AGGRESSIVE;
				GCC_WARN_UNUSED_FUNCTION = YES;
				GCC_WARN_UNUSED_VARIABLE = YES;
				IPHONEOS_DEPLOYMENT_TARGET = 14.4;
				MTL_ENABLE_DEBUG_INFO = INCLUDE_SOURCE;
				MTL_FAST_MATH = YES;
				ONLY_ACTIVE_ARCH = YES;
				SDKROOT = iphoneos;
				SWIFT_ACTIVE_COMPILATION_CONDITIONS = DEBUG;
				SWIFT_OPTIMIZATION_LEVEL = "-Onone";
			};
			name = Debug;
		};
		247C5C27261DAEE2004AEF91 /* Release */ = {
			isa = XCBuildConfiguration;
			buildSettings = {
				ALWAYS_SEARCH_USER_PATHS = NO;
				CLANG_ANALYZER_NONNULL = YES;
				CLANG_ANALYZER_NUMBER_OBJECT_CONVERSION = YES_AGGRESSIVE;
				CLANG_CXX_LANGUAGE_STANDARD = "gnu++14";
				CLANG_CXX_LIBRARY = "libc++";
				CLANG_ENABLE_MODULES = YES;
				CLANG_ENABLE_OBJC_ARC = YES;
				CLANG_ENABLE_OBJC_WEAK = YES;
				CLANG_WARN_BLOCK_CAPTURE_AUTORELEASING = YES;
				CLANG_WARN_BOOL_CONVERSION = YES;
				CLANG_WARN_COMMA = YES;
				CLANG_WARN_CONSTANT_CONVERSION = YES;
				CLANG_WARN_DEPRECATED_OBJC_IMPLEMENTATIONS = YES;
				CLANG_WARN_DIRECT_OBJC_ISA_USAGE = YES_ERROR;
				CLANG_WARN_DOCUMENTATION_COMMENTS = YES;
				CLANG_WARN_EMPTY_BODY = YES;
				CLANG_WARN_ENUM_CONVERSION = YES;
				CLANG_WARN_INFINITE_RECURSION = YES;
				CLANG_WARN_INT_CONVERSION = YES;
				CLANG_WARN_NON_LITERAL_NULL_CONVERSION = YES;
				CLANG_WARN_OBJC_IMPLICIT_RETAIN_SELF = YES;
				CLANG_WARN_OBJC_LITERAL_CONVERSION = YES;
				CLANG_WARN_OBJC_ROOT_CLASS = YES_ERROR;
				CLANG_WARN_QUOTED_INCLUDE_IN_FRAMEWORK_HEADER = YES;
				CLANG_WARN_RANGE_LOOP_ANALYSIS = YES;
				CLANG_WARN_STRICT_PROTOTYPES = YES;
				CLANG_WARN_SUSPICIOUS_MOVE = YES;
				CLANG_WARN_UNGUARDED_AVAILABILITY = YES_AGGRESSIVE;
				CLANG_WARN_UNREACHABLE_CODE = YES;
				CLANG_WARN__DUPLICATE_METHOD_MATCH = YES;
				COPY_PHASE_STRIP = NO;
				DEBUG_INFORMATION_FORMAT = "dwarf-with-dsym";
				ENABLE_NS_ASSERTIONS = NO;
				ENABLE_STRICT_OBJC_MSGSEND = YES;
				GCC_C_LANGUAGE_STANDARD = gnu11;
				GCC_NO_COMMON_BLOCKS = YES;
				GCC_WARN_64_TO_32_BIT_CONVERSION = YES;
				GCC_WARN_ABOUT_RETURN_TYPE = YES_ERROR;
				GCC_WARN_UNDECLARED_SELECTOR = YES;
				GCC_WARN_UNINITIALIZED_AUTOS = YES_AGGRESSIVE;
				GCC_WARN_UNUSED_FUNCTION = YES;
				GCC_WARN_UNUSED_VARIABLE = YES;
				IPHONEOS_DEPLOYMENT_TARGET = 14.4;
				MTL_ENABLE_DEBUG_INFO = NO;
				MTL_FAST_MATH = YES;
				SDKROOT = iphoneos;
				SWIFT_COMPILATION_MODE = wholemodule;
				SWIFT_OPTIMIZATION_LEVEL = "-O";
				VALIDATE_PRODUCT = YES;
			};
			name = Release;
		};
		247C5C29261DAEE2004AEF91 /* Debug */ = {
			isa = XCBuildConfiguration;
			buildSettings = {
				ASSETCATALOG_COMPILER_APPICON_NAME = AppIcon;
				ASSETCATALOG_COMPILER_GLOBAL_ACCENT_COLOR_NAME = AccentColor;
				CODE_SIGN_STYLE = Automatic;
				INFOPLIST_FILE = CoreDataProject/Info.plist;
				LD_RUNPATH_SEARCH_PATHS = (
					"$(inherited)",
					"@executable_path/Frameworks",
				);
				PRODUCT_BUNDLE_IDENTIFIER = com.echallenge.CoreDataProject;
				PRODUCT_NAME = "$(TARGET_NAME)";
				SWIFT_VERSION = 5.0;
				TARGETED_DEVICE_FAMILY = "1,2";
			};
			name = Debug;
		};
		247C5C2A261DAEE2004AEF91 /* Release */ = {
			isa = XCBuildConfiguration;
			buildSettings = {
				ASSETCATALOG_COMPILER_APPICON_NAME = AppIcon;
				ASSETCATALOG_COMPILER_GLOBAL_ACCENT_COLOR_NAME = AccentColor;
				CODE_SIGN_STYLE = Automatic;
				INFOPLIST_FILE = CoreDataProject/Info.plist;
				LD_RUNPATH_SEARCH_PATHS = (
					"$(inherited)",
					"@executable_path/Frameworks",
				);
				PRODUCT_BUNDLE_IDENTIFIER = com.echallenge.CoreDataProject;
				PRODUCT_NAME = "$(TARGET_NAME)";
				SWIFT_VERSION = 5.0;
				TARGETED_DEVICE_FAMILY = "1,2";
			};
			name = Release;
		};
/* End XCBuildConfiguration section */

/* Begin XCConfigurationList section */
		247C5C0C261DAEE1004AEF91 /* Build configuration list for PBXProject "CoreDataProject" */ = {
			isa = XCConfigurationList;
			buildConfigurations = (
				247C5C26261DAEE2004AEF91 /* Debug */,
				247C5C27261DAEE2004AEF91 /* Release */,
			);
			defaultConfigurationIsVisible = 0;
			defaultConfigurationName = Release;
		};
		247C5C28261DAEE2004AEF91 /* Build configuration list for PBXNativeTarget "CoreDataProject" */ = {
			isa = XCConfigurationList;
			buildConfigurations = (
				247C5C29261DAEE2004AEF91 /* Debug */,
				247C5C2A261DAEE2004AEF91 /* Release */,
			);
			defaultConfigurationIsVisible = 0;
			defaultConfigurationName = Release;
		};
/* End XCConfigurationList section */

/* Begin XCRemoteSwiftPackageReference section */
		247C5C37261DCDB4004AEF91 /* XCRemoteSwiftPackageReference "SnapKit" */ = {
			isa = XCRemoteSwiftPackageReference;
			repositoryURL = "https://github.com/SnapKit/SnapKit.git";
			requirement = {
				kind = upToNextMajorVersion;
				minimumVersion = 5.0.1;
			};
		};
/* End XCRemoteSwiftPackageReference section */

/* Begin XCSwiftPackageProductDependency section */
		247C5C38261DCDB4004AEF91 /* SnapKit */ = {
			isa = XCSwiftPackageProductDependency;
			package = 247C5C37261DCDB4004AEF91 /* XCRemoteSwiftPackageReference "SnapKit" */;
			productName = SnapKit;
		};
/* End XCSwiftPackageProductDependency section */

/* Begin XCVersionGroup section */
		247C5C1D261DAEE1004AEF91 /* CoreDataProject.xcdatamodeld */ = {
			isa = XCVersionGroup;
			children = (
				247C5C1E261DAEE1004AEF91 /* CoreDataProject.xcdatamodel */,
			);
			currentVersion = 247C5C1E261DAEE1004AEF91 /* CoreDataProject.xcdatamodel */;
			path = CoreDataProject.xcdatamodeld;
			sourceTree = "<group>";
			versionGroupType = wrapper.xcdatamodel;
		};
/* End XCVersionGroup section */
	};
	rootObject = 247C5C09261DAEE1004AEF91 /* Project object */;
}
